// !$*UTF8*$!
{
	archiveVersion = 1;
	classes = {
	};
	objectVersion = 56;
	objects = {

/* Begin PBXBuildFile section */
		133B078029075938001B444F /* AppDelegate.swift in Sources */ = {isa = PBXBuildFile; fileRef = 133B077F29075938001B444F /* AppDelegate.swift */; };
		133B078229075938001B444F /* SceneDelegate.swift in Sources */ = {isa = PBXBuildFile; fileRef = 133B078129075938001B444F /* SceneDelegate.swift */; };
		133B078429075938001B444F /* Tela01VC.swift in Sources */ = {isa = PBXBuildFile; fileRef = 133B078329075938001B444F /* Tela01VC.swift */; };
		133B078729075938001B444F /* Main.storyboard in Resources */ = {isa = PBXBuildFile; fileRef = 133B078529075938001B444F /* Main.storyboard */; };
		133B07892907593B001B444F /* Assets.xcassets in Resources */ = {isa = PBXBuildFile; fileRef = 133B07882907593B001B444F /* Assets.xcassets */; };
		133B078C2907593B001B444F /* LaunchScreen.storyboard in Resources */ = {isa = PBXBuildFile; fileRef = 133B078A2907593B001B444F /* LaunchScreen.storyboard */; };
		133B079429075A01001B444F /* TabBarController.swift in Sources */ = {isa = PBXBuildFile; fileRef = 133B079329075A01001B444F /* TabBarController.swift */; };
		133B079629075CC3001B444F /* Tela02VC.swift in Sources */ = {isa = PBXBuildFile; fileRef = 133B079529075CC3001B444F /* Tela02VC.swift */; };
		133B079829075CE3001B444F /* Tela03VC.swift in Sources */ = {isa = PBXBuildFile; fileRef = 133B079729075CE3001B444F /* Tela03VC.swift */; };
		136215E22908690F00A91DCB /* AlertController.swift in Sources */ = {isa = PBXBuildFile; fileRef = 136215E12908690F00A91DCB /* AlertController.swift */; };
		13D3A3A229084451002B7613 /* CustomTableViewCell.swift in Sources */ = {isa = PBXBuildFile; fileRef = 13D3A3A029084451002B7613 /* CustomTableViewCell.swift */; };
		13D3A3A329084451002B7613 /* CustomTableViewCell.xib in Resources */ = {isa = PBXBuildFile; fileRef = 13D3A3A129084451002B7613 /* CustomTableViewCell.xib */; };
		13D3A3A629084865002B7613 /* Profile.swift in Sources */ = {isa = PBXBuildFile; fileRef = 13D3A3A529084865002B7613 /* Profile.swift */; };
/* End PBXBuildFile section */

/* Begin PBXFileReference section */
		133B077C29075938001B444F /* DesafioTabBarCurso.app */ = {isa = PBXFileReference; explicitFileType = wrapper.application; includeInIndex = 0; path = DesafioTabBarCurso.app; sourceTree = BUILT_PRODUCTS_DIR; };
		133B077F29075938001B444F /* AppDelegate.swift */ = {isa = PBXFileReference; lastKnownFileType = sourcecode.swift; path = AppDelegate.swift; sourceTree = "<group>"; };
		133B078129075938001B444F /* SceneDelegate.swift */ = {isa = PBXFileReference; lastKnownFileType = sourcecode.swift; path = SceneDelegate.swift; sourceTree = "<group>"; };
		133B078329075938001B444F /* Tela01VC.swift */ = {isa = PBXFileReference; lastKnownFileType = sourcecode.swift; path = Tela01VC.swift; sourceTree = "<group>"; };
		133B078629075938001B444F /* Base */ = {isa = PBXFileReference; lastKnownFileType = file.storyboard; name = Base; path = Base.lproj/Main.storyboard; sourceTree = "<group>"; };
		133B07882907593B001B444F /* Assets.xcassets */ = {isa = PBXFileReference; lastKnownFileType = folder.assetcatalog; path = Assets.xcassets; sourceTree = "<group>"; };
		133B078B2907593B001B444F /* Base */ = {isa = PBXFileReference; lastKnownFileType = file.storyboard; name = Base; path = Base.lproj/LaunchScreen.storyboard; sourceTree = "<group>"; };
		133B078D2907593B001B444F /* Info.plist */ = {isa = PBXFileReference; lastKnownFileType = text.plist.xml; path = Info.plist; sourceTree = "<group>"; };
		133B079329075A01001B444F /* TabBarController.swift */ = {isa = PBXFileReference; lastKnownFileType = sourcecode.swift; path = TabBarController.swift; sourceTree = "<group>"; };
		133B079529075CC3001B444F /* Tela02VC.swift */ = {isa = PBXFileReference; lastKnownFileType = sourcecode.swift; path = Tela02VC.swift; sourceTree = "<group>"; };
		133B079729075CE3001B444F /* Tela03VC.swift */ = {isa = PBXFileReference; lastKnownFileType = sourcecode.swift; path = Tela03VC.swift; sourceTree = "<group>"; };
		136215E12908690F00A91DCB /* AlertController.swift */ = {isa = PBXFileReference; lastKnownFileType = sourcecode.swift; path = AlertController.swift; sourceTree = "<group>"; };
		13D3A3A029084451002B7613 /* CustomTableViewCell.swift */ = {isa = PBXFileReference; lastKnownFileType = sourcecode.swift; path = CustomTableViewCell.swift; sourceTree = "<group>"; };
		13D3A3A129084451002B7613 /* CustomTableViewCell.xib */ = {isa = PBXFileReference; lastKnownFileType = file.xib; path = CustomTableViewCell.xib; sourceTree = "<group>"; };
		13D3A3A529084865002B7613 /* Profile.swift */ = {isa = PBXFileReference; lastKnownFileType = sourcecode.swift; path = Profile.swift; sourceTree = "<group>"; };
/* End PBXFileReference section */

/* Begin PBXFrameworksBuildPhase section */
		133B077929075938001B444F /* Frameworks */ = {
			isa = PBXFrameworksBuildPhase;
			buildActionMask = 2147483647;
			files = (
			);
			runOnlyForDeploymentPostprocessing = 0;
		};
/* End PBXFrameworksBuildPhase section */

/* Begin PBXGroup section */
		133B077329075938001B444F = {
			isa = PBXGroup;
			children = (
				133B077E29075938001B444F /* DesafioTabBarCurso */,
				133B077D29075938001B444F /* Products */,
			);
			sourceTree = "<group>";
		};
		133B077D29075938001B444F /* Products */ = {
			isa = PBXGroup;
			children = (
				133B077C29075938001B444F /* DesafioTabBarCurso.app */,
			);
			name = Products;
			sourceTree = "<group>";
		};
		133B077E29075938001B444F /* DesafioTabBarCurso */ = {
			isa = PBXGroup;
			children = (
				136215E0290868F800A91DCB /* AlertController */,
				13D3A3A429084828002B7613 /* Model */,
				13D3A39F29084404002B7613 /* Cell */,
				133B077F29075938001B444F /* AppDelegate.swift */,
				133B078129075938001B444F /* SceneDelegate.swift */,
				133B078329075938001B444F /* Tela01VC.swift */,
				133B079529075CC3001B444F /* Tela02VC.swift */,
				133B079729075CE3001B444F /* Tela03VC.swift */,
				133B079329075A01001B444F /* TabBarController.swift */,
				133B078529075938001B444F /* Main.storyboard */,
				133B07882907593B001B444F /* Assets.xcassets */,
				133B078A2907593B001B444F /* LaunchScreen.storyboard */,
				133B078D2907593B001B444F /* Info.plist */,
			);
			path = DesafioTabBarCurso;
			sourceTree = "<group>";
		};
		136215E0290868F800A91DCB /* AlertController */ = {
			isa = PBXGroup;
			children = (
				136215E12908690F00A91DCB /* AlertController.swift */,
			);
			path = AlertController;
			sourceTree = "<group>";
		};
		13D3A39F29084404002B7613 /* Cell */ = {
			isa = PBXGroup;
			children = (
				13D3A3A029084451002B7613 /* CustomTableViewCell.swift */,
				13D3A3A129084451002B7613 /* CustomTableViewCell.xib */,
			);
			path = Cell;
			sourceTree = "<group>";
		};
		13D3A3A429084828002B7613 /* Model */ = {
			isa = PBXGroup;
			children = (
				13D3A3A529084865002B7613 /* Profile.swift */,
			);
			path = Model;
			sourceTree = "<group>";
		};
/* End PBXGroup section */

/* Begin PBXNativeTarget section */
		133B077B29075938001B444F /* DesafioTabBarCurso */ = {
			isa = PBXNativeTarget;
			buildConfigurationList = 133B07902907593B001B444F /* Build configuration list for PBXNativeTarget "DesafioTabBarCurso" */;
			buildPhases = (
				133B077829075938001B444F /* Sources */,
				133B077929075938001B444F /* Frameworks */,
				133B077A29075938001B444F /* Resources */,
			);
			buildRules = (
			);
			dependencies = (
			);
			name = DesafioTabBarCurso;
			productName = DesafioTabBarCurso;
			productReference = 133B077C29075938001B444F /* DesafioTabBarCurso.app */;
			productType = "com.apple.product-type.application";
		};
/* End PBXNativeTarget section */

/* Begin PBXProject section */
		133B077429075938001B444F /* Project object */ = {
			isa = PBXProject;
			attributes = {
				BuildIndependentTargetsInParallel = 1;
				LastSwiftUpdateCheck = 1400;
				LastUpgradeCheck = 1400;
				TargetAttributes = {
					133B077B29075938001B444F = {
						CreatedOnToolsVersion = 14.0.1;
					};
				};
			};
			buildConfigurationList = 133B077729075938001B444F /* Build configuration list for PBXProject "DesafioTabBarCurso" */;
			compatibilityVersion = "Xcode 14.0";
			developmentRegion = en;
			hasScannedForEncodings = 0;
			knownRegions = (
				en,
				Base,
			);
			mainGroup = 133B077329075938001B444F;
			productRefGroup = 133B077D29075938001B444F /* Products */;
			projectDirPath = "";
			projectRoot = "";
			targets = (
				133B077B29075938001B444F /* DesafioTabBarCurso */,
			);
		};
/* End PBXProject section */

/* Begin PBXResourcesBuildPhase section */
		133B077A29075938001B444F /* Resources */ = {
			isa = PBXResourcesBuildPhase;
			buildActionMask = 2147483647;
			files = (
				133B078C2907593B001B444F /* LaunchScreen.storyboard in Resources */,
				133B07892907593B001B444F /* Assets.xcassets in Resources */,
				13D3A3A329084451002B7613 /* CustomTableViewCell.xib in Resources */,
				133B078729075938001B444F /* Main.storyboard in Resources */,
			);
			runOnlyForDeploymentPostprocessing = 0;
		};
/* End PBXResourcesBuildPhase section */

/* Begin PBXSourcesBuildPhase section */
		133B077829075938001B444F /* Sources */ = {
			isa = PBXSourcesBuildPhase;
			buildActionMask = 2147483647;
			files = (
				133B078429075938001B444F /* Tela01VC.swift in Sources */,
				136215E22908690F00A91DCB /* AlertController.swift in Sources */,
				13D3A3A629084865002B7613 /* Profile.swift in Sources */,
				133B079429075A01001B444F /* TabBarController.swift in Sources */,
				133B079629075CC3001B444F /* Tela02VC.swift in Sources */,
				13D3A3A229084451002B7613 /* CustomTableViewCell.swift in Sources */,
				133B079829075CE3001B444F /* Tela03VC.swift in Sources */,
				133B078029075938001B444F /* AppDelegate.swift in Sources */,
				133B078229075938001B444F /* SceneDelegate.swift in Sources */,
			);
			runOnlyForDeploymentPostprocessing = 0;
		};
/* End PBXSourcesBuildPhase section */

/* Begin PBXVariantGroup section */
		133B078529075938001B444F /* Main.storyboard */ = {
			isa = PBXVariantGroup;
			children = (
				133B078629075938001B444F /* Base */,
			);
			name = Main.storyboard;
			sourceTree = "<group>";
		};
		133B078A2907593B001B444F /* LaunchScreen.storyboard */ = {
			isa = PBXVariantGroup;
			children = (
				133B078B2907593B001B444F /* Base */,
			);
			name = LaunchScreen.storyboard;
			sourceTree = "<group>";
		};
/* End PBXVariantGroup section */

/* Begin XCBuildConfiguration section */
		133B078E2907593B001B444F /* Debug */ = {
			isa = XCBuildConfiguration;
			buildSettings = {
				ALWAYS_SEARCH_USER_PATHS = NO;
				CLANG_ANALYZER_NONNULL = YES;
				CLANG_ANALYZER_NUMBER_OBJECT_CONVERSION = YES_AGGRESSIVE;
				CLANG_CXX_LANGUAGE_STANDARD = "gnu++20";
				CLANG_ENABLE_MODULES = YES;
				CLANG_ENABLE_OBJC_ARC = YES;
				CLANG_ENABLE_OBJC_WEAK = YES;
				CLANG_WARN_BLOCK_CAPTURE_AUTORELEASING = YES;
				CLANG_WARN_BOOL_CONVERSION = YES;
				CLANG_WARN_COMMA = YES;
				CLANG_WARN_CONSTANT_CONVERSION = YES;
				CLANG_WARN_DEPRECATED_OBJC_IMPLEMENTATIONS = YES;
				CLANG_WARN_DIRECT_OBJC_ISA_USAGE = YES_ERROR;
				CLANG_WARN_DOCUMENTATION_COMMENTS = YES;
				CLANG_WARN_EMPTY_BODY = YES;
				CLANG_WARN_ENUM_CONVERSION = YES;
				CLANG_WARN_INFINITE_RECURSION = YES;
				CLANG_WARN_INT_CONVERSION = YES;
				CLANG_WARN_NON_LITERAL_NULL_CONVERSION = YES;
				CLANG_WARN_OBJC_IMPLICIT_RETAIN_SELF = YES;
				CLANG_WARN_OBJC_LITERAL_CONVERSION = YES;
				CLANG_WARN_OBJC_ROOT_CLASS = YES_ERROR;
				CLANG_WARN_QUOTED_INCLUDE_IN_FRAMEWORK_HEADER = YES;
				CLANG_WARN_RANGE_LOOP_ANALYSIS = YES;
				CLANG_WARN_STRICT_PROTOTYPES = YES;
				CLANG_WARN_SUSPICIOUS_MOVE = YES;
				CLANG_WARN_UNGUARDED_AVAILABILITY = YES_AGGRESSIVE;
				CLANG_WARN_UNREACHABLE_CODE = YES;
				CLANG_WARN__DUPLICATE_METHOD_MATCH = YES;
				COPY_PHASE_STRIP = NO;
				DEBUG_INFORMATION_FORMAT = dwarf;
				ENABLE_STRICT_OBJC_MSGSEND = YES;
				ENABLE_TESTABILITY = YES;
				GCC_C_LANGUAGE_STANDARD = gnu11;
				GCC_DYNAMIC_NO_PIC = NO;
				GCC_NO_COMMON_BLOCKS = YES;
				GCC_OPTIMIZATION_LEVEL = 0;
				GCC_PREPROCESSOR_DEFINITIONS = (
					"DEBUG=1",
					"$(inherited)",
				);
				GCC_WARN_64_TO_32_BIT_CONVERSION = YES;
				GCC_WARN_ABOUT_RETURN_TYPE = YES_ERROR;
				GCC_WARN_UNDECLARED_SELECTOR = YES;
				GCC_WARN_UNINITIALIZED_AUTOS = YES_AGGRESSIVE;
				GCC_WARN_UNUSED_FUNCTION = YES;
				GCC_WARN_UNUSED_VARIABLE = YES;
				IPHONEOS_DEPLOYMENT_TARGET = 16.0;
				MTL_ENABLE_DEBUG_INFO = INCLUDE_SOURCE;
				MTL_FAST_MATH = YES;
				ONLY_ACTIVE_ARCH = YES;
				SDKROOT = iphoneos;
				SWIFT_ACTIVE_COMPILATION_CONDITIONS = DEBUG;
				SWIFT_OPTIMIZATION_LEVEL = "-Onone";
			};
			name = Debug;
		};
		133B078F2907593B001B444F /* Release */ = {
			isa = XCBuildConfiguration;
			buildSettings = {
				ALWAYS_SEARCH_USER_PATHS = NO;
				CLANG_ANALYZER_NONNULL = YES;
				CLANG_ANALYZER_NUMBER_OBJECT_CONVERSION = YES_AGGRESSIVE;
				CLANG_CXX_LANGUAGE_STANDARD = "gnu++20";
				CLANG_ENABLE_MODULES = YES;
				CLANG_ENABLE_OBJC_ARC = YES;
				CLANG_ENABLE_OBJC_WEAK = YES;
				CLANG_WARN_BLOCK_CAPTURE_AUTORELEASING = YES;
				CLANG_WARN_BOOL_CONVERSION = YES;
				CLANG_WARN_COMMA = YES;
				CLANG_WARN_CONSTANT_CONVERSION = YES;
				CLANG_WARN_DEPRECATED_OBJC_IMPLEMENTATIONS = YES;
				CLANG_WARN_DIRECT_OBJC_ISA_USAGE = YES_ERROR;
				CLANG_WARN_DOCUMENTATION_COMMENTS = YES;
				CLANG_WARN_EMPTY_BODY = YES;
				CLANG_WARN_ENUM_CONVERSION = YES;
				CLANG_WARN_INFINITE_RECURSION = YES;
				CLANG_WARN_INT_CONVERSION = YES;
				CLANG_WARN_NON_LITERAL_NULL_CONVERSION = YES;
				CLANG_WARN_OBJC_IMPLICIT_RETAIN_SELF = YES;
				CLANG_WARN_OBJC_LITERAL_CONVERSION = YES;
				CLANG_WARN_OBJC_ROOT_CLASS = YES_ERROR;
				CLANG_WARN_QUOTED_INCLUDE_IN_FRAMEWORK_HEADER = YES;
				CLANG_WARN_RANGE_LOOP_ANALYSIS = YES;
				CLANG_WARN_STRICT_PROTOTYPES = YES;
				CLANG_WARN_SUSPICIOUS_MOVE = YES;
				CLANG_WARN_UNGUARDED_AVAILABILITY = YES_AGGRESSIVE;
				CLANG_WARN_UNREACHABLE_CODE = YES;
				CLANG_WARN__DUPLICATE_METHOD_MATCH = YES;
				COPY_PHASE_STRIP = NO;
				DEBUG_INFORMATION_FORMAT = "dwarf-with-dsym";
				ENABLE_NS_ASSERTIONS = NO;
				ENABLE_STRICT_OBJC_MSGSEND = YES;
				GCC_C_LANGUAGE_STANDARD = gnu11;
				GCC_NO_COMMON_BLOCKS = YES;
				GCC_WARN_64_TO_32_BIT_CONVERSION = YES;
				GCC_WARN_ABOUT_RETURN_TYPE = YES_ERROR;
				GCC_WARN_UNDECLARED_SELECTOR = YES;
				GCC_WARN_UNINITIALIZED_AUTOS = YES_AGGRESSIVE;
				GCC_WARN_UNUSED_FUNCTION = YES;
				GCC_WARN_UNUSED_VARIABLE = YES;
				IPHONEOS_DEPLOYMENT_TARGET = 16.0;
				MTL_ENABLE_DEBUG_INFO = NO;
				MTL_FAST_MATH = YES;
				SDKROOT = iphoneos;
				SWIFT_COMPILATION_MODE = wholemodule;
				SWIFT_OPTIMIZATION_LEVEL = "-O";
				VALIDATE_PRODUCT = YES;
			};
			name = Release;
		};
		133B07912907593B001B444F /* Debug */ = {
			isa = XCBuildConfiguration;
			buildSettings = {
				ASSETCATALOG_COMPILER_APPICON_NAME = AppIcon;
				ASSETCATALOG_COMPILER_GLOBAL_ACCENT_COLOR_NAME = AccentColor;
				CODE_SIGN_STYLE = Automatic;
				CURRENT_PROJECT_VERSION = 1;
				GENERATE_INFOPLIST_FILE = YES;
				INFOPLIST_FILE = DesafioTabBarCurso/Info.plist;
				INFOPLIST_KEY_UIApplicationSupportsIndirectInputEvents = YES;
				INFOPLIST_KEY_UILaunchStoryboardName = LaunchScreen;
				INFOPLIST_KEY_UIMainStoryboardFile = Main;
				INFOPLIST_KEY_UISupportedInterfaceOrientations_iPad = "UIInterfaceOrientationPortrait UIInterfaceOrientationPortraitUpsideDown UIInterfaceOrientationLandscapeLeft UIInterfaceOrientationLandscapeRight";
				INFOPLIST_KEY_UISupportedInterfaceOrientations_iPhone = "UIInterfaceOrientationPortrait UIInterfaceOrientationLandscapeLeft UIInterfaceOrientationLandscapeRight";
				LD_RUNPATH_SEARCH_PATHS = (
					"$(inherited)",
					"@executable_path/Frameworks",
				);
				MARKETING_VERSION = 1.0;
				PRODUCT_BUNDLE_IDENTIFIER = Heloisa.DesafioTabBarCurso;
				PRODUCT_NAME = "$(TARGET_NAME)";
				SWIFT_EMIT_LOC_STRINGS = YES;
				SWIFT_VERSION = 5.0;
				TARGETED_DEVICE_FAMILY = "1,2";
			};
			name = Debug;
		};
		133B07922907593B001B444F /* Release */ = {
			isa = XCBuildConfiguration;
			buildSettings = {
				ASSETCATALOG_COMPILER_APPICON_NAME = AppIcon;
				ASSETCATALOG_COMPILER_GLOBAL_ACCENT_COLOR_NAME = AccentColor;
				CODE_SIGN_STYLE = Automatic;
				CURRENT_PROJECT_VERSION = 1;
				GENERATE_INFOPLIST_FILE = YES;
				INFOPLIST_FILE = DesafioTabBarCurso/Info.plist;
				INFOPLIST_KEY_UIApplicationSupportsIndirectInputEvents = YES;
				INFOPLIST_KEY_UILaunchStoryboardName = LaunchScreen;
				INFOPLIST_KEY_UIMainStoryboardFile = Main;
				INFOPLIST_KEY_UISupportedInterfaceOrientations_iPad = "UIInterfaceOrientationPortrait UIInterfaceOrientationPortraitUpsideDown UIInterfaceOrientationLandscapeLeft UIInterfaceOrientationLandscapeRight";
				INFOPLIST_KEY_UISupportedInterfaceOrientations_iPhone = "UIInterfaceOrientationPortrait UIInterfaceOrientationLandscapeLeft UIInterfaceOrientationLandscapeRight";
				LD_RUNPATH_SEARCH_PATHS = (
					"$(inherited)",
					"@executable_path/Frameworks",
				);
				MARKETING_VERSION = 1.0;
				PRODUCT_BUNDLE_IDENTIFIER = Heloisa.DesafioTabBarCurso;
				PRODUCT_NAME = "$(TARGET_NAME)";
				SWIFT_EMIT_LOC_STRINGS = YES;
				SWIFT_VERSION = 5.0;
				TARGETED_DEVICE_FAMILY = "1,2";
			};
			name = Release;
		};
/* End XCBuildConfiguration section */

/* Begin XCConfigurationList section */
		133B077729075938001B444F /* Build configuration list for PBXProject "DesafioTabBarCurso" */ = {
			isa = XCConfigurationList;
			buildConfigurations = (
				133B078E2907593B001B444F /* Debug */,
				133B078F2907593B001B444F /* Release */,
			);
			defaultConfigurationIsVisible = 0;
			defaultConfigurationName = Release;
		};
		133B07902907593B001B444F /* Build configuration list for PBXNativeTarget "DesafioTabBarCurso" */ = {
			isa = XCConfigurationList;
			buildConfigurations = (
				133B07912907593B001B444F /* Debug */,
				133B07922907593B001B444F /* Release */,
			);
			defaultConfigurationIsVisible = 0;
			defaultConfigurationName = Release;
		};
/* End XCConfigurationList section */
	};
	rootObject = 133B077429075938001B444F /* Project object */;
}
